
Microsoft Visual Studio Solution File, Format Version 11.00
# Visual C++ Express 2010
Project("{8BC9CEB8-8B4A-11D0-8D11-00A0C91BC942}") = "standalone-test", "test\standalone-test\standalone-test.vcxproj", "{680DACE1-4E25-AA58-8DA8-CBF0EA9BA286}"
EndProject
Project("{8BC9CEB8-8B4A-11D0-8D11-00A0C91BC942}") = "cpl-standalone", "cpl-standalone\cpl-standalone.vcxproj", "{C7C1C6EE-1AFF-D618-4387-7965DEC52BD6}"
EndProject
Project("{8BC9CEB8-8B4A-11D0-8D11-00A0C91BC942}") = "cpl-odbc", "backends\cpl-odbc\cpl-odbc.vcxproj", "{12C76D4C-B57A-9643-981E-1CEC804D1E41}"
	ProjectSection(ProjectDependencies) = postProject
		{C7C1C6EE-1AFF-D618-4387-7965DEC52BD6} = {C7C1C6EE-1AFF-D618-4387-7965DEC52BD6}
	EndProjectSection
EndProject
Project("{8BC9CEB8-8B4A-11D0-8D11-00A0C91BC942}") = "platform-compat", "test\platform-compat\platform-compat.vcxproj", "{0BA1D1A7-0418-FFD5-F9B4-6F7676E8E468}"
EndProject
Global
	GlobalSection(SolutionConfigurationPlatforms) = preSolution
		Debug|Win32 = Debug|Win32
		Release|Win32 = Release|Win32
	EndGlobalSection
	GlobalSection(ProjectConfigurationPlatforms) = postSolution
		{680DACE1-4E25-AA58-8DA8-CBF0EA9BA286}.Debug|Win32.ActiveCfg = Debug|Win32
		{680DACE1-4E25-AA58-8DA8-CBF0EA9BA286}.Debug|Win32.Build.0 = Debug|Win32
		{680DACE1-4E25-AA58-8DA8-CBF0EA9BA286}.Release|Win32.ActiveCfg = Release|Win32
		{680DACE1-4E25-AA58-8DA8-CBF0EA9BA286}.Release|Win32.Build.0 = Release|Win32
		{C7C1C6EE-1AFF-D618-4387-7965DEC52BD6}.Debug|Win32.ActiveCfg = Debug|Win32
		{C7C1C6EE-1AFF-D618-4387-7965DEC52BD6}.Debug|Win32.Build.0 = Debug|Win32
		{C7C1C6EE-1AFF-D618-4387-7965DEC52BD6}.Release|Win32.ActiveCfg = Release|Win32
		{C7C1C6EE-1AFF-D618-4387-7965DEC52BD6}.Release|Win32.Build.0 = Release|Win32
		{12C76D4C-B57A-9643-981E-1CEC804D1E41}.Debug|Win32.ActiveCfg = Debug|Win32
		{12C76D4C-B57A-9643-981E-1CEC804D1E41}.Debug|Win32.Build.0 = Debug|Win32
		{12C76D4C-B57A-9643-981E-1CEC804D1E41}.Release|Win32.ActiveCfg = Release|Win32
		{12C76D4C-B57A-9643-981E-1CEC804D1E41}.Release|Win32.Build.0 = Release|Win32
		{0BA1D1A7-0418-FFD5-F9B4-6F7676E8E468}.Debug|Win32.ActiveCfg = Debug|Win32
		{0BA1D1A7-0418-FFD5-F9B4-6F7676E8E468}.Debug|Win32.Build.0 = Debug|Win32
		{0BA1D1A7-0418-FFD5-F9B4-6F7676E8E468}.Release|Win32.ActiveCfg = Release|Win32
		{0BA1D1A7-0418-FFD5-F9B4-6F7676E8E468}.Release|Win32.Build.0 = Release|Win32
	EndGlobalSection
	GlobalSection(SolutionProperties) = preSolution
		HideSolutionNode = FALSE
	EndGlobalSection
EndGlobal
